
Microsoft Visual Studio Solution File, Format Version 12.00
# Visual Studio 2013
VisualStudioVersion = 12.0.21005.1
MinimumVisualStudioVersion = 10.0.40219.1
Project("{8BC9CEB8-8B4A-11D0-8D11-00A0C91BC942}") = "DrawClient", "DrawClient\DrawClient.vcxproj", "{F0F57529-7A98-4A5C-916D-220524998DFD}"
EndProject
Global
	GlobalSection(SolutionConfigurationPlatforms) = preSolution
		Debug|Win32 = Debug|Win32
		Release|Win32 = Release|Win32
	EndGlobalSection
	GlobalSection(ProjectConfigurationPlatforms) = postSolution
		{F0F57529-7A98-4A5C-916D-220524998DFD}.Debug|Win32.ActiveCfg = Debug|Win32
		{F0F57529-7A98-4A5C-916D-220524998DFD}.Debug|Win32.Build.0 = Debug|Win32
		{F0F57529-7A98-4A5C-916D-220524998DFD}.Release|Win32.ActiveCfg = Release|Win32
		{F0F57529-7A98-4A5C-916D-220524998DFD}.Release|Win32.Build.0 = Release|Win32
	EndGlobalSection
	GlobalSection(SolutionProperties) = preSolution
		HideSolutionNode = FALSE
	EndGlobalSection
EndGlobal
